
Microsoft Visual Studio Solution File, Format Version 12.00
# Visual Studio Version 16
VisualStudioVersion = 16.0.31019.35
MinimumVisualStudioVersion = 10.0.40219.1
Project("{2150E333-8FDC-42A3-9474-1A3956D46DE8}") = "src", "src", "{E72F7A6F-4EE9-4E40-8A28-59931F6CCA71}"
	ProjectSection(SolutionItems) = preProject
		src\.gitkeep = src\.gitkeep
	EndProjectSection
EndProject
Project("{2150E333-8FDC-42A3-9474-1A3956D46DE8}") = "tests", "tests", "{B3062261-29A5-464D-98C1-09E6490019E3}"
	ProjectSection(SolutionItems) = preProject
		tests\.gitkeep = tests\.gitkeep
	EndProjectSection
EndProject
Project("{2150E333-8FDC-42A3-9474-1A3956D46DE8}") = "docs", "docs", "{D5F47876-C75E-4E42-9E20-5EE4680F6195}"
	ProjectSection(SolutionItems) = preProject
		docs\.gitkeep = docs\.gitkeep
	EndProjectSection
EndProject
Project("{2150E333-8FDC-42A3-9474-1A3956D46DE8}") = "scripts", "scripts", "{A015B16D-0D01-4098-8029-4185849A1590}"
	ProjectSection(SolutionItems) = preProject
		scripts\.gitkeep = scripts\.gitkeep
	EndProjectSection
EndProject
Project("{FAE04EC0-301F-11D3-BF4B-00C04F79EFBC}") = "Domain", "src\Domain\Domain.csproj", "{5B616021-AF22-44D4-93BC-EBEFCA93220D}"
EndProject
Project("{FAE04EC0-301F-11D3-BF4B-00C04F79EFBC}") = "Domain.Test", "tests\Domain.Test\Domain.Test.csproj", "{374F69DC-A6A9-48A6-B8A3-1514F7DC4684}"
EndProject
Global
	GlobalSection(SolutionConfigurationPlatforms) = preSolution
		Debug|Any CPU = Debug|Any CPU
		Release|Any CPU = Release|Any CPU
	EndGlobalSection
	GlobalSection(ProjectConfigurationPlatforms) = postSolution
		{5B616021-AF22-44D4-93BC-EBEFCA93220D}.Debug|Any CPU.ActiveCfg = Debug|Any CPU
		{5B616021-AF22-44D4-93BC-EBEFCA93220D}.Debug|Any CPU.Build.0 = Debug|Any CPU
		{5B616021-AF22-44D4-93BC-EBEFCA93220D}.Release|Any CPU.ActiveCfg = Release|Any CPU
		{5B616021-AF22-44D4-93BC-EBEFCA93220D}.Release|Any CPU.Build.0 = Release|Any CPU
		{374F69DC-A6A9-48A6-B8A3-1514F7DC4684}.Debug|Any CPU.ActiveCfg = Debug|Any CPU
		{374F69DC-A6A9-48A6-B8A3-1514F7DC4684}.Debug|Any CPU.Build.0 = Debug|Any CPU
		{374F69DC-A6A9-48A6-B8A3-1514F7DC4684}.Release|Any CPU.ActiveCfg = Release|Any CPU
		{374F69DC-A6A9-48A6-B8A3-1514F7DC4684}.Release|Any CPU.Build.0 = Release|Any CPU
	EndGlobalSection
	GlobalSection(SolutionProperties) = preSolution
		HideSolutionNode = FALSE
	EndGlobalSection
	GlobalSection(NestedProjects) = preSolution
		{5B616021-AF22-44D4-93BC-EBEFCA93220D} = {E72F7A6F-4EE9-4E40-8A28-59931F6CCA71}
		{374F69DC-A6A9-48A6-B8A3-1514F7DC4684} = {B3062261-29A5-464D-98C1-09E6490019E3}
	EndGlobalSection
	GlobalSection(ExtensibilityGlobals) = postSolution
		SolutionGuid = {997226B2-C99E-4972-840C-BF7537B9BAD7}
	EndGlobalSection
EndGlobal
